
Microsoft Visual Studio Solution File, Format Version 12.00
# Visual Studio Version 17
VisualStudioVersion = 17.7.34024.191
MinimumVisualStudioVersion = 10.0.40219.1
Project("{9A19103F-16F7-4668-BE54-9A1E7A4F7556}") = "GeoProfs", "GeoProfs\GeoProfs.csproj", "{B6583146-6822-4FD6-931D-E7B32DC34F9A}"
EndProject
Global
	GlobalSection(SolutionConfigurationPlatforms) = preSolution
		Debug|Any CPU = Debug|Any CPU
		Release|Any CPU = Release|Any CPU
	EndGlobalSection
	GlobalSection(ProjectConfigurationPlatforms) = postSolution
		{B6583146-6822-4FD6-931D-E7B32DC34F9A}.Debug|Any CPU.ActiveCfg = Debug|Any CPU
		{B6583146-6822-4FD6-931D-E7B32DC34F9A}.Debug|Any CPU.Build.0 = Debug|Any CPU
		{B6583146-6822-4FD6-931D-E7B32DC34F9A}.Release|Any CPU.ActiveCfg = Release|Any CPU
		{B6583146-6822-4FD6-931D-E7B32DC34F9A}.Release|Any CPU.Build.0 = Release|Any CPU
	EndGlobalSection
	GlobalSection(SolutionProperties) = preSolution
		HideSolutionNode = FALSE
	EndGlobalSection
	GlobalSection(ExtensibilityGlobals) = postSolution
		SolutionGuid = {B76F7556-3379-4EDA-8559-43FC936EF57C}
	EndGlobalSection
EndGlobal
